// !$*UTF8*$!
{
	archiveVersion = 1;
	classes = {
	};
	objectVersion = 56;
	objects = {

/* Begin PBXBuildFile section */
		64B44DB12AA82F18006FA9BB /* AppDelegate.swift in Sources */ = {isa = PBXBuildFile; fileRef = 64B44DB02AA82F18006FA9BB /* AppDelegate.swift */; };
		64B44DB32AA82F18006FA9BB /* SceneDelegate.swift in Sources */ = {isa = PBXBuildFile; fileRef = 64B44DB22AA82F18006FA9BB /* SceneDelegate.swift */; };
		64B44DB52AA82F18006FA9BB /* ViewController.swift in Sources */ = {isa = PBXBuildFile; fileRef = 64B44DB42AA82F18006FA9BB /* ViewController.swift */; };
		64B44DB82AA82F18006FA9BB /* Main.storyboard in Resources */ = {isa = PBXBuildFile; fileRef = 64B44DB62AA82F18006FA9BB /* Main.storyboard */; };
		64B44DBA2AA82F19006FA9BB /* Assets.xcassets in Resources */ = {isa = PBXBuildFile; fileRef = 64B44DB92AA82F19006FA9BB /* Assets.xcassets */; };
		64B44DBD2AA82F19006FA9BB /* LaunchScreen.storyboard in Resources */ = {isa = PBXBuildFile; fileRef = 64B44DBB2AA82F19006FA9BB /* LaunchScreen.storyboard */; };
		64B44DC52AA83C6E006FA9BB /* TotalTableViewController.swift in Sources */ = {isa = PBXBuildFile; fileRef = 64B44DC42AA83C6D006FA9BB /* TotalTableViewController.swift */; };
/* End PBXBuildFile section */

/* Begin PBXFileReference section */
		64B44DAD2AA82F18006FA9BB /* taxApp-sato.app */ = {isa = PBXFileReference; explicitFileType = wrapper.application; includeInIndex = 0; path = "taxApp-sato.app"; sourceTree = BUILT_PRODUCTS_DIR; };
		64B44DB02AA82F18006FA9BB /* AppDelegate.swift */ = {isa = PBXFileReference; lastKnownFileType = sourcecode.swift; path = AppDelegate.swift; sourceTree = "<group>"; };
		64B44DB22AA82F18006FA9BB /* SceneDelegate.swift */ = {isa = PBXFileReference; lastKnownFileType = sourcecode.swift; path = SceneDelegate.swift; sourceTree = "<group>"; };
		64B44DB42AA82F18006FA9BB /* ViewController.swift */ = {isa = PBXFileReference; lastKnownFileType = sourcecode.swift; path = ViewController.swift; sourceTree = "<group>"; };
		64B44DB72AA82F18006FA9BB /* Base */ = {isa = PBXFileReference; lastKnownFileType = file.storyboard; name = Base; path = Base.lproj/Main.storyboard; sourceTree = "<group>"; };
		64B44DB92AA82F19006FA9BB /* Assets.xcassets */ = {isa = PBXFileReference; lastKnownFileType = folder.assetcatalog; path = Assets.xcassets; sourceTree = "<group>"; };
		64B44DBC2AA82F19006FA9BB /* Base */ = {isa = PBXFileReference; lastKnownFileType = file.storyboard; name = Base; path = Base.lproj/LaunchScreen.storyboard; sourceTree = "<group>"; };
		64B44DBE2AA82F19006FA9BB /* Info.plist */ = {isa = PBXFileReference; lastKnownFileType = text.plist.xml; path = Info.plist; sourceTree = "<group>"; };
		64B44DC42AA83C6D006FA9BB /* TotalTableViewController.swift */ = {isa = PBXFileReference; lastKnownFileType = sourcecode.swift; path = TotalTableViewController.swift; sourceTree = "<group>"; };
/* End PBXFileReference section */

/* Begin PBXFrameworksBuildPhase section */
		64B44DAA2AA82F18006FA9BB /* Frameworks */ = {
			isa = PBXFrameworksBuildPhase;
			buildActionMask = 2147483647;
			files = (
			);
			runOnlyForDeploymentPostprocessing = 0;
		};
/* End PBXFrameworksBuildPhase section */

/* Begin PBXGroup section */
		64B44DA42AA82F18006FA9BB = {
			isa = PBXGroup;
			children = (
				64B44DAF2AA82F18006FA9BB /* taxApp-sato */,
				64B44DAE2AA82F18006FA9BB /* Products */,
			);
			sourceTree = "<group>";
		};
		64B44DAE2AA82F18006FA9BB /* Products */ = {
			isa = PBXGroup;
			children = (
				64B44DAD2AA82F18006FA9BB /* taxApp-sato.app */,
			);
			name = Products;
			sourceTree = "<group>";
		};
		64B44DAF2AA82F18006FA9BB /* taxApp-sato */ = {
			isa = PBXGroup;
			children = (
				64B44DB02AA82F18006FA9BB /* AppDelegate.swift */,
				64B44DB22AA82F18006FA9BB /* SceneDelegate.swift */,
				64B44DB42AA82F18006FA9BB /* ViewController.swift */,
				64B44DC42AA83C6D006FA9BB /* TotalTableViewController.swift */,
				64B44DB62AA82F18006FA9BB /* Main.storyboard */,
				64B44DB92AA82F19006FA9BB /* Assets.xcassets */,
				64B44DBB2AA82F19006FA9BB /* LaunchScreen.storyboard */,
				64B44DBE2AA82F19006FA9BB /* Info.plist */,
			);
			path = "taxApp-sato";
			sourceTree = "<group>";
		};
/* End PBXGroup section */

/* Begin PBXNativeTarget section */
		64B44DAC2AA82F18006FA9BB /* taxApp-sato */ = {
			isa = PBXNativeTarget;
			buildConfigurationList = 64B44DC12AA82F19006FA9BB /* Build configuration list for PBXNativeTarget "taxApp-sato" */;
			buildPhases = (
				64B44DA92AA82F18006FA9BB /* Sources */,
				64B44DAA2AA82F18006FA9BB /* Frameworks */,
				64B44DAB2AA82F18006FA9BB /* Resources */,
			);
			buildRules = (
			);
			dependencies = (
			);
			name = "taxApp-sato";
			productName = "taxApp-sato";
			productReference = 64B44DAD2AA82F18006FA9BB /* taxApp-sato.app */;
			productType = "com.apple.product-type.application";
		};
/* End PBXNativeTarget section */

/* Begin PBXProject section */
		64B44DA52AA82F18006FA9BB /* Project object */ = {
			isa = PBXProject;
			attributes = {
				BuildIndependentTargetsInParallel = 1;
				LastSwiftUpdateCheck = 1430;
				LastUpgradeCheck = 1430;
				TargetAttributes = {
					64B44DAC2AA82F18006FA9BB = {
						CreatedOnToolsVersion = 14.3.1;
					};
				};
			};
			buildConfigurationList = 64B44DA82AA82F18006FA9BB /* Build configuration list for PBXProject "taxApp-sato" */;
			compatibilityVersion = "Xcode 14.0";
			developmentRegion = en;
			hasScannedForEncodings = 0;
			knownRegions = (
				en,
				Base,
			);
			mainGroup = 64B44DA42AA82F18006FA9BB;
			productRefGroup = 64B44DAE2AA82F18006FA9BB /* Products */;
			projectDirPath = "";
			projectRoot = "";
			targets = (
				64B44DAC2AA82F18006FA9BB /* taxApp-sato */,
			);
		};
/* End PBXProject section */

/* Begin PBXResourcesBuildPhase section */
		64B44DAB2AA82F18006FA9BB /* Resources */ = {
			isa = PBXResourcesBuildPhase;
			buildActionMask = 2147483647;
			files = (
				64B44DBD2AA82F19006FA9BB /* LaunchScreen.storyboard in Resources */,
				64B44DBA2AA82F19006FA9BB /* Assets.xcassets in Resources */,
				64B44DB82AA82F18006FA9BB /* Main.storyboard in Resources */,
			);
			runOnlyForDeploymentPostprocessing = 0;
		};
/* End PBXResourcesBuildPhase section */

/* Begin PBXSourcesBuildPhase section */
		64B44DA92AA82F18006FA9BB /* Sources */ = {
			isa = PBXSourcesBuildPhase;
			buildActionMask = 2147483647;
			files = (
				64B44DC52AA83C6E006FA9BB /* TotalTableViewController.swift in Sources */,
				64B44DB52AA82F18006FA9BB /* ViewController.swift in Sources */,
				64B44DB12AA82F18006FA9BB /* AppDelegate.swift in Sources */,
				64B44DB32AA82F18006FA9BB /* SceneDelegate.swift in Sources */,
			);
			runOnlyForDeploymentPostprocessing = 0;
		};
/* End PBXSourcesBuildPhase section */

/* Begin PBXVariantGroup section */
		64B44DB62AA82F18006FA9BB /* Main.storyboard */ = {
			isa = PBXVariantGroup;
			children = (
				64B44DB72AA82F18006FA9BB /* Base */,
			);
			name = Main.storyboard;
			sourceTree = "<group>";
		};
		64B44DBB2AA82F19006FA9BB /* LaunchScreen.storyboard */ = {
			isa = PBXVariantGroup;
			children = (
				64B44DBC2AA82F19006FA9BB /* Base */,
			);
			name = LaunchScreen.storyboard;
			sourceTree = "<group>";
		};
/* End PBXVariantGroup section */

/* Begin XCBuildConfiguration section */
		64B44DBF2AA82F19006FA9BB /* Debug */ = {
			isa = XCBuildConfiguration;
			buildSettings = {
				ALWAYS_SEARCH_USER_PATHS = NO;
				CLANG_ANALYZER_NONNULL = YES;
				CLANG_ANALYZER_NUMBER_OBJECT_CONVERSION = YES_AGGRESSIVE;
				CLANG_CXX_LANGUAGE_STANDARD = "gnu++20";
				CLANG_ENABLE_MODULES = YES;
				CLANG_ENABLE_OBJC_ARC = YES;
				CLANG_ENABLE_OBJC_WEAK = YES;
				CLANG_WARN_BLOCK_CAPTURE_AUTORELEASING = YES;
				CLANG_WARN_BOOL_CONVERSION = YES;
				CLANG_WARN_COMMA = YES;
				CLANG_WARN_CONSTANT_CONVERSION = YES;
				CLANG_WARN_DEPRECATED_OBJC_IMPLEMENTATIONS = YES;
				CLANG_WARN_DIRECT_OBJC_ISA_USAGE = YES_ERROR;
				CLANG_WARN_DOCUMENTATION_COMMENTS = YES;
				CLANG_WARN_EMPTY_BODY = YES;
				CLANG_WARN_ENUM_CONVERSION = YES;
				CLANG_WARN_INFINITE_RECURSION = YES;
				CLANG_WARN_INT_CONVERSION = YES;
				CLANG_WARN_NON_LITERAL_NULL_CONVERSION = YES;
				CLANG_WARN_OBJC_IMPLICIT_RETAIN_SELF = YES;
				CLANG_WARN_OBJC_LITERAL_CONVERSION = YES;
				CLANG_WARN_OBJC_ROOT_CLASS = YES_ERROR;
				CLANG_WARN_QUOTED_INCLUDE_IN_FRAMEWORK_HEADER = YES;
				CLANG_WARN_RANGE_LOOP_ANALYSIS = YES;
				CLANG_WARN_STRICT_PROTOTYPES = YES;
				CLANG_WARN_SUSPICIOUS_MOVE = YES;
				CLANG_WARN_UNGUARDED_AVAILABILITY = YES_AGGRESSIVE;
				CLANG_WARN_UNREACHABLE_CODE = YES;
				CLANG_WARN__DUPLICATE_METHOD_MATCH = YES;
				COPY_PHASE_STRIP = NO;
				DEBUG_INFORMATION_FORMAT = dwarf;
				ENABLE_STRICT_OBJC_MSGSEND = YES;
				ENABLE_TESTABILITY = YES;
				GCC_C_LANGUAGE_STANDARD = gnu11;
				GCC_DYNAMIC_NO_PIC = NO;
				GCC_NO_COMMON_BLOCKS = YES;
				GCC_OPTIMIZATION_LEVEL = 0;
				GCC_PREPROCESSOR_DEFINITIONS = (
					"DEBUG=1",
					"$(inherited)",
				);
				GCC_WARN_64_TO_32_BIT_CONVERSION = YES;
				GCC_WARN_ABOUT_RETURN_TYPE = YES_ERROR;
				GCC_WARN_UNDECLARED_SELECTOR = YES;
				GCC_WARN_UNINITIALIZED_AUTOS = YES_AGGRESSIVE;
				GCC_WARN_UNUSED_FUNCTION = YES;
				GCC_WARN_UNUSED_VARIABLE = YES;
				IPHONEOS_DEPLOYMENT_TARGET = 16.4;
				MTL_ENABLE_DEBUG_INFO = INCLUDE_SOURCE;
				MTL_FAST_MATH = YES;
				ONLY_ACTIVE_ARCH = YES;
				SDKROOT = iphoneos;
				SWIFT_ACTIVE_COMPILATION_CONDITIONS = DEBUG;
				SWIFT_OPTIMIZATION_LEVEL = "-Onone";
			};
			name = Debug;
		};
		64B44DC02AA82F19006FA9BB /* Release */ = {
			isa = XCBuildConfiguration;
			buildSettings = {
				ALWAYS_SEARCH_USER_PATHS = NO;
				CLANG_ANALYZER_NONNULL = YES;
				CLANG_ANALYZER_NUMBER_OBJECT_CONVERSION = YES_AGGRESSIVE;
				CLANG_CXX_LANGUAGE_STANDARD = "gnu++20";
				CLANG_ENABLE_MODULES = YES;
				CLANG_ENABLE_OBJC_ARC = YES;
				CLANG_ENABLE_OBJC_WEAK = YES;
				CLANG_WARN_BLOCK_CAPTURE_AUTORELEASING = YES;
				CLANG_WARN_BOOL_CONVERSION = YES;
				CLANG_WARN_COMMA = YES;
				CLANG_WARN_CONSTANT_CONVERSION = YES;
				CLANG_WARN_DEPRECATED_OBJC_IMPLEMENTATIONS = YES;
				CLANG_WARN_DIRECT_OBJC_ISA_USAGE = YES_ERROR;
				CLANG_WARN_DOCUMENTATION_COMMENTS = YES;
				CLANG_WARN_EMPTY_BODY = YES;
				CLANG_WARN_ENUM_CONVERSION = YES;
				CLANG_WARN_INFINITE_RECURSION = YES;
				CLANG_WARN_INT_CONVERSION = YES;
				CLANG_WARN_NON_LITERAL_NULL_CONVERSION = YES;
				CLANG_WARN_OBJC_IMPLICIT_RETAIN_SELF = YES;
				CLANG_WARN_OBJC_LITERAL_CONVERSION = YES;
				CLANG_WARN_OBJC_ROOT_CLASS = YES_ERROR;
				CLANG_WARN_QUOTED_INCLUDE_IN_FRAMEWORK_HEADER = YES;
				CLANG_WARN_RANGE_LOOP_ANALYSIS = YES;
				CLANG_WARN_STRICT_PROTOTYPES = YES;
				CLANG_WARN_SUSPICIOUS_MOVE = YES;
				CLANG_WARN_UNGUARDED_AVAILABILITY = YES_AGGRESSIVE;
				CLANG_WARN_UNREACHABLE_CODE = YES;
				CLANG_WARN__DUPLICATE_METHOD_MATCH = YES;
				COPY_PHASE_STRIP = NO;
				DEBUG_INFORMATION_FORMAT = "dwarf-with-dsym";
				ENABLE_NS_ASSERTIONS = NO;
				ENABLE_STRICT_OBJC_MSGSEND = YES;
				GCC_C_LANGUAGE_STANDARD = gnu11;
				GCC_NO_COMMON_BLOCKS = YES;
				GCC_WARN_64_TO_32_BIT_CONVERSION = YES;
				GCC_WARN_ABOUT_RETURN_TYPE = YES_ERROR;
				GCC_WARN_UNDECLARED_SELECTOR = YES;
				GCC_WARN_UNINITIALIZED_AUTOS = YES_AGGRESSIVE;
				GCC_WARN_UNUSED_FUNCTION = YES;
				GCC_WARN_UNUSED_VARIABLE = YES;
				IPHONEOS_DEPLOYMENT_TARGET = 16.4;
				MTL_ENABLE_DEBUG_INFO = NO;
				MTL_FAST_MATH = YES;
				SDKROOT = iphoneos;
				SWIFT_COMPILATION_MODE = wholemodule;
				SWIFT_OPTIMIZATION_LEVEL = "-O";
				VALIDATE_PRODUCT = YES;
			};
			name = Release;
		};
		64B44DC22AA82F19006FA9BB /* Debug */ = {
			isa = XCBuildConfiguration;
			buildSettings = {
				ASSETCATALOG_COMPILER_APPICON_NAME = AppIcon;
				ASSETCATALOG_COMPILER_GLOBAL_ACCENT_COLOR_NAME = AccentColor;
				CODE_SIGN_STYLE = Automatic;
				CURRENT_PROJECT_VERSION = 1;
				DEVELOPMENT_TEAM = WCHQK6A4W5;
				GENERATE_INFOPLIST_FILE = YES;
				INFOPLIST_FILE = "taxApp-sato/Info.plist";
				INFOPLIST_KEY_UIApplicationSupportsIndirectInputEvents = YES;
				INFOPLIST_KEY_UILaunchStoryboardName = LaunchScreen;
				INFOPLIST_KEY_UIMainStoryboardFile = Main;
				INFOPLIST_KEY_UISupportedInterfaceOrientations_iPad = "UIInterfaceOrientationPortrait UIInterfaceOrientationPortraitUpsideDown UIInterfaceOrientationLandscapeLeft UIInterfaceOrientationLandscapeRight";
				INFOPLIST_KEY_UISupportedInterfaceOrientations_iPhone = "UIInterfaceOrientationPortrait UIInterfaceOrientationLandscapeLeft UIInterfaceOrientationLandscapeRight";
				LD_RUNPATH_SEARCH_PATHS = (
					"$(inherited)",
					"@executable_path/Frameworks",
				);
				MARKETING_VERSION = 1.0;
				PRODUCT_BUNDLE_IDENTIFIER = "jp.minjyun.taxApp-sato";
				PRODUCT_NAME = "$(TARGET_NAME)";
				SWIFT_EMIT_LOC_STRINGS = YES;
				SWIFT_VERSION = 5.0;
				TARGETED_DEVICE_FAMILY = "1,2";
			};
			name = Debug;
		};
		64B44DC32AA82F19006FA9BB /* Release */ = {
			isa = XCBuildConfiguration;
			buildSettings = {
				ASSETCATALOG_COMPILER_APPICON_NAME = AppIcon;
				ASSETCATALOG_COMPILER_GLOBAL_ACCENT_COLOR_NAME = AccentColor;
				CODE_SIGN_STYLE = Automatic;
				CURRENT_PROJECT_VERSION = 1;
				DEVELOPMENT_TEAM = WCHQK6A4W5;
				GENERATE_INFOPLIST_FILE = YES;
				INFOPLIST_FILE = "taxApp-sato/Info.plist";
				INFOPLIST_KEY_UIApplicationSupportsIndirectInputEvents = YES;
				INFOPLIST_KEY_UILaunchStoryboardName = LaunchScreen;
				INFOPLIST_KEY_UIMainStoryboardFile = Main;
				INFOPLIST_KEY_UISupportedInterfaceOrientations_iPad = "UIInterfaceOrientationPortrait UIInterfaceOrientationPortraitUpsideDown UIInterfaceOrientationLandscapeLeft UIInterfaceOrientationLandscapeRight";
				INFOPLIST_KEY_UISupportedInterfaceOrientations_iPhone = "UIInterfaceOrientationPortrait UIInterfaceOrientationLandscapeLeft UIInterfaceOrientationLandscapeRight";
				LD_RUNPATH_SEARCH_PATHS = (
					"$(inherited)",
					"@executable_path/Frameworks",
				);
				MARKETING_VERSION = 1.0;
				PRODUCT_BUNDLE_IDENTIFIER = "jp.minjyun.taxApp-sato";
				PRODUCT_NAME = "$(TARGET_NAME)";
				SWIFT_EMIT_LOC_STRINGS = YES;
				SWIFT_VERSION = 5.0;
				TARGETED_DEVICE_FAMILY = "1,2";
			};
			name = Release;
		};
/* End XCBuildConfiguration section */

/* Begin XCConfigurationList section */
		64B44DA82AA82F18006FA9BB /* Build configuration list for PBXProject "taxApp-sato" */ = {
			isa = XCConfigurationList;
			buildConfigurations = (
				64B44DBF2AA82F19006FA9BB /* Debug */,
				64B44DC02AA82F19006FA9BB /* Release */,
			);
			defaultConfigurationIsVisible = 0;
			defaultConfigurationName = Release;
		};
		64B44DC12AA82F19006FA9BB /* Build configuration list for PBXNativeTarget "taxApp-sato" */ = {
			isa = XCConfigurationList;
			buildConfigurations = (
				64B44DC22AA82F19006FA9BB /* Debug */,
				64B44DC32AA82F19006FA9BB /* Release */,
			);
			defaultConfigurationIsVisible = 0;
			defaultConfigurationName = Release;
		};
/* End XCConfigurationList section */
	};
	rootObject = 64B44DA52AA82F18006FA9BB /* Project object */;
}
